
Microsoft Visual Studio Solution File, Format Version 12.00
# Visual Studio Version 17
VisualStudioVersion = 17.10.35013.160
MinimumVisualStudioVersion = 10.0.40219.1
Project("{FAE04EC0-301F-11D3-BF4B-00C04F79EFBC}") = "StudentPortal.Web", "StudentPortal.Web\StudentPortal.Web.csproj", "{9FBFDBFE-26E6-4CBE-BA6D-CA14FA03AE5A}"
EndProject
Global
	GlobalSection(SolutionConfigurationPlatforms) = preSolution
		Debug|Any CPU = Debug|Any CPU
		Release|Any CPU = Release|Any CPU
	EndGlobalSection
	GlobalSection(ProjectConfigurationPlatforms) = postSolution
		{9FBFDBFE-26E6-4CBE-BA6D-CA14FA03AE5A}.Debug|Any CPU.ActiveCfg = Debug|Any CPU
		{9FBFDBFE-26E6-4CBE-BA6D-CA14FA03AE5A}.Debug|Any CPU.Build.0 = Debug|Any CPU
		{9FBFDBFE-26E6-4CBE-BA6D-CA14FA03AE5A}.Release|Any CPU.ActiveCfg = Release|Any CPU
		{9FBFDBFE-26E6-4CBE-BA6D-CA14FA03AE5A}.Release|Any CPU.Build.0 = Release|Any CPU
	EndGlobalSection
	GlobalSection(SolutionProperties) = preSolution
		HideSolutionNode = FALSE
	EndGlobalSection
	GlobalSection(ExtensibilityGlobals) = postSolution
		SolutionGuid = {06153B7F-EF64-42D3-B1AC-0EC5FEA5F796}
	EndGlobalSection
EndGlobal
